
Microsoft Visual Studio Solution File, Format Version 12.00
# Visual Studio Version 17
VisualStudioVersion = 17.7.34221.43
MinimumVisualStudioVersion = 10.0.40219.1
Project("{FAE04EC0-301F-11D3-BF4B-00C04F79EFBC}") = "DemoWebApplication", "DemoWebApplication\DemoWebApplication.csproj", "{16C15AE2-E1FE-4B32-98B5-956C9934B503}"
EndProject
Project("{9A19103F-16F7-4668-BE54-9A1E7A4F7556}") = "DemoDatabaseFirst", "DemoDatabaseFirst\DemoDatabaseFirst.csproj", "{47BECBAD-55B5-4832-8611-D98D3F01A9CD}"
EndProject
Project("{9A19103F-16F7-4668-BE54-9A1E7A4F7556}") = "DemoConsole", "DemoConsole\DemoConsole.csproj", "{4656750A-E4B4-46C2-A599-7D766D2999F2}"
EndProject
Project("{9A19103F-16F7-4668-BE54-9A1E7A4F7556}") = "DemoCodeFirstEDM", "DemoCodeFirstEDM\DemoCodeFirstEDM.csproj", "{E0C57B23-FE89-49BA-A7F7-CA034D62F37E}"
EndProject
Project("{9A19103F-16F7-4668-BE54-9A1E7A4F7556}") = "DemoCodeFirst", "DemoCodeFirst\DemoCodeFirst.csproj", "{184EA20A-7D16-4D03-8E69-94B1D804194C}"
EndProject
Project("{FAE04EC0-301F-11D3-BF4B-00C04F79EFBC}") = "CodeFirstDemoFramework", "CodeFirstDemoFramework\CodeFirstDemoFramework.csproj", "{7C3D489E-D9D5-49B7-9154-A7C5540A263E}"
EndProject
Project("{9A19103F-16F7-4668-BE54-9A1E7A4F7556}") = "CodeFirstDemo", "CodeFirstDemo\CodeFirstDemo.csproj", "{EAB138D9-2268-4E0B-BC98-2ACD71CA7B8F}"
EndProject
Project("{9A19103F-16F7-4668-BE54-9A1E7A4F7556}") = "MyCodeFirstApproachDemo", "MyCodeFirstApproachDemo\MyCodeFirstApproachDemo.csproj", "{C614D93A-0E47-4B65-A8A8-A88C4E235E4E}"
EndProject
Project("{9A19103F-16F7-4668-BE54-9A1E7A4F7556}") = "AutomobileWebApp", "AutomobileWebApp\AutomobileWebApp.csproj", "{2AB08095-1A69-452E-A658-22701DC9BD2D}"
EndProject
Project("{9A19103F-16F7-4668-BE54-9A1E7A4F7556}") = "WebDemo14112023", "WebDemo14112023\WebDemo14112023.csproj", "{3C471B85-3697-4F3A-BB29-40D897B98605}"
EndProject
Project("{2150E333-8FDC-42A3-9474-1A3956D46DE8}") = "Solution Items", "Solution Items", "{97006F3A-42B5-4116-986A-9036B78E7D4A}"
	ProjectSection(SolutionItems) = preProject
		.editorconfig = .editorconfig
	EndProjectSection
EndProject
Project("{9A19103F-16F7-4668-BE54-9A1E7A4F7556}") = "AutomobileLibrary", "AutomobileLibrary\AutomobileLibrary.csproj", "{F18527B0-67F1-4EE3-8B36-3F9A38E46186}"
EndProject
Project("{9A19103F-16F7-4668-BE54-9A1E7A4F7556}") = "DatabaseFirstDemo", "DatabaseFirstDemo\DatabaseFirstDemo.csproj", "{440D5BA0-91FC-4F77-BF60-FCBBD333426A}"
EndProject
Project("{9A19103F-16F7-4668-BE54-9A1E7A4F7556}") = "DemoAPI23122023", "DemoAPI23122023\DemoAPI23122023.csproj", "{301519D1-851C-4ED1-951E-5EBEEA859C55}"
EndProject
Project("{2150E333-8FDC-42A3-9474-1A3956D46DE8}") = "Lab01_ASP.NETCoreWebAPI", "Lab01_ASP.NETCoreWebAPI", "{DB912F4B-77A2-4FBC-A9F2-D995621B5A6B}"
EndProject
Project("{9A19103F-16F7-4668-BE54-9A1E7A4F7556}") = "BusinessObjects", "BusinessObjects\BusinessObjects.csproj", "{3BB549A6-7963-42DC-9F49-28E8EE1EC223}"
EndProject
Project("{9A19103F-16F7-4668-BE54-9A1E7A4F7556}") = "DataAccess", "DataAccess\DataAccess.csproj", "{128802A2-872A-4ABA-AC59-6A03C2F537F0}"
EndProject
Project("{9A19103F-16F7-4668-BE54-9A1E7A4F7556}") = "Repositories", "Repositories\Repositories.csproj", "{60C52111-C237-4BE4-92E1-00CFB8846627}"
EndProject
Project("{9A19103F-16F7-4668-BE54-9A1E7A4F7556}") = "ProductManagementAPI", "ProductManagementAPI\ProductManagementAPI.csproj", "{620733C2-9929-4DF0-934F-79AF471EE8C9}"
EndProject
Project("{9A19103F-16F7-4668-BE54-9A1E7A4F7556}") = "ProductManagementWebClient", "ProductManagementWebClient\ProductManagementWebClient.csproj", "{EA87044E-9D27-4877-B9B6-3F9AF8B56D65}"
EndProject
Project("{2150E333-8FDC-42A3-9474-1A3956D46DE8}") = "Tran_Vu_Huy_WebAPI", "Tran_Vu_Huy_WebAPI", "{19F9F237-B9AA-4F89-93F8-D7E6048089A2}"
EndProject
Project("{FAE04EC0-301F-11D3-BF4B-00C04F79EFBC}") = "DataAccessTestDMA", "DataAccessTestDMA\DataAccessTestDMA.csproj", "{A298B03D-C635-4C60-B54F-8EF292811830}"
EndProject
Project("{FAE04EC0-301F-11D3-BF4B-00C04F79EFBC}") = "Tran_Vu_Huy_WebAPI", "Tran_Vu_Huy_WebAPI\Tran_Vu_Huy_WebAPI.csproj", "{AF98E3E8-4F93-4F1F-9E02-AC7E6A1E8568}"
EndProject
Project("{FAE04EC0-301F-11D3-BF4B-00C04F79EFBC}") = "Tran_Vu_Huy_WebMVC", "Tran_Vu_Huy_WebMVC\Tran_Vu_Huy_WebMVC.csproj", "{E0CD5430-F9B2-41FF-97B7-482DE3AAB0A5}"
EndProject
Global
	GlobalSection(SolutionConfigurationPlatforms) = preSolution
		Debug|Any CPU = Debug|Any CPU
		Release|Any CPU = Release|Any CPU
	EndGlobalSection
	GlobalSection(ProjectConfigurationPlatforms) = postSolution
		{16C15AE2-E1FE-4B32-98B5-956C9934B503}.Debug|Any CPU.ActiveCfg = Debug|Any CPU
		{16C15AE2-E1FE-4B32-98B5-956C9934B503}.Debug|Any CPU.Build.0 = Debug|Any CPU
		{16C15AE2-E1FE-4B32-98B5-956C9934B503}.Release|Any CPU.ActiveCfg = Release|Any CPU
		{16C15AE2-E1FE-4B32-98B5-956C9934B503}.Release|Any CPU.Build.0 = Release|Any CPU
		{47BECBAD-55B5-4832-8611-D98D3F01A9CD}.Debug|Any CPU.ActiveCfg = Debug|Any CPU
		{47BECBAD-55B5-4832-8611-D98D3F01A9CD}.Debug|Any CPU.Build.0 = Debug|Any CPU
		{47BECBAD-55B5-4832-8611-D98D3F01A9CD}.Release|Any CPU.ActiveCfg = Release|Any CPU
		{47BECBAD-55B5-4832-8611-D98D3F01A9CD}.Release|Any CPU.Build.0 = Release|Any CPU
		{4656750A-E4B4-46C2-A599-7D766D2999F2}.Debug|Any CPU.ActiveCfg = Debug|Any CPU
		{4656750A-E4B4-46C2-A599-7D766D2999F2}.Debug|Any CPU.Build.0 = Debug|Any CPU
		{4656750A-E4B4-46C2-A599-7D766D2999F2}.Release|Any CPU.ActiveCfg = Release|Any CPU
		{4656750A-E4B4-46C2-A599-7D766D2999F2}.Release|Any CPU.Build.0 = Release|Any CPU
		{E0C57B23-FE89-49BA-A7F7-CA034D62F37E}.Debug|Any CPU.ActiveCfg = Debug|Any CPU
		{E0C57B23-FE89-49BA-A7F7-CA034D62F37E}.Debug|Any CPU.Build.0 = Debug|Any CPU
		{E0C57B23-FE89-49BA-A7F7-CA034D62F37E}.Release|Any CPU.ActiveCfg = Release|Any CPU
		{E0C57B23-FE89-49BA-A7F7-CA034D62F37E}.Release|Any CPU.Build.0 = Release|Any CPU
		{184EA20A-7D16-4D03-8E69-94B1D804194C}.Debug|Any CPU.ActiveCfg = Debug|Any CPU
		{184EA20A-7D16-4D03-8E69-94B1D804194C}.Debug|Any CPU.Build.0 = Debug|Any CPU
		{184EA20A-7D16-4D03-8E69-94B1D804194C}.Release|Any CPU.ActiveCfg = Release|Any CPU
		{184EA20A-7D16-4D03-8E69-94B1D804194C}.Release|Any CPU.Build.0 = Release|Any CPU
		{7C3D489E-D9D5-49B7-9154-A7C5540A263E}.Debug|Any CPU.ActiveCfg = Debug|Any CPU
		{7C3D489E-D9D5-49B7-9154-A7C5540A263E}.Debug|Any CPU.Build.0 = Debug|Any CPU
		{7C3D489E-D9D5-49B7-9154-A7C5540A263E}.Release|Any CPU.ActiveCfg = Release|Any CPU
		{7C3D489E-D9D5-49B7-9154-A7C5540A263E}.Release|Any CPU.Build.0 = Release|Any CPU
		{EAB138D9-2268-4E0B-BC98-2ACD71CA7B8F}.Debug|Any CPU.ActiveCfg = Debug|Any CPU
		{EAB138D9-2268-4E0B-BC98-2ACD71CA7B8F}.Debug|Any CPU.Build.0 = Debug|Any CPU
		{EAB138D9-2268-4E0B-BC98-2ACD71CA7B8F}.Release|Any CPU.ActiveCfg = Release|Any CPU
		{EAB138D9-2268-4E0B-BC98-2ACD71CA7B8F}.Release|Any CPU.Build.0 = Release|Any CPU
		{C614D93A-0E47-4B65-A8A8-A88C4E235E4E}.Debug|Any CPU.ActiveCfg = Debug|Any CPU
		{C614D93A-0E47-4B65-A8A8-A88C4E235E4E}.Debug|Any CPU.Build.0 = Debug|Any CPU
		{C614D93A-0E47-4B65-A8A8-A88C4E235E4E}.Release|Any CPU.ActiveCfg = Release|Any CPU
		{C614D93A-0E47-4B65-A8A8-A88C4E235E4E}.Release|Any CPU.Build.0 = Release|Any CPU
		{2AB08095-1A69-452E-A658-22701DC9BD2D}.Debug|Any CPU.ActiveCfg = Debug|Any CPU
		{2AB08095-1A69-452E-A658-22701DC9BD2D}.Debug|Any CPU.Build.0 = Debug|Any CPU
		{2AB08095-1A69-452E-A658-22701DC9BD2D}.Release|Any CPU.ActiveCfg = Release|Any CPU
		{2AB08095-1A69-452E-A658-22701DC9BD2D}.Release|Any CPU.Build.0 = Release|Any CPU
		{3C471B85-3697-4F3A-BB29-40D897B98605}.Debug|Any CPU.ActiveCfg = Debug|Any CPU
		{3C471B85-3697-4F3A-BB29-40D897B98605}.Debug|Any CPU.Build.0 = Debug|Any CPU
		{3C471B85-3697-4F3A-BB29-40D897B98605}.Release|Any CPU.ActiveCfg = Release|Any CPU
		{3C471B85-3697-4F3A-BB29-40D897B98605}.Release|Any CPU.Build.0 = Release|Any CPU
		{F18527B0-67F1-4EE3-8B36-3F9A38E46186}.Debug|Any CPU.ActiveCfg = Debug|Any CPU
		{F18527B0-67F1-4EE3-8B36-3F9A38E46186}.Debug|Any CPU.Build.0 = Debug|Any CPU
		{F18527B0-67F1-4EE3-8B36-3F9A38E46186}.Release|Any CPU.ActiveCfg = Release|Any CPU
		{F18527B0-67F1-4EE3-8B36-3F9A38E46186}.Release|Any CPU.Build.0 = Release|Any CPU
		{440D5BA0-91FC-4F77-BF60-FCBBD333426A}.Debug|Any CPU.ActiveCfg = Debug|Any CPU
		{440D5BA0-91FC-4F77-BF60-FCBBD333426A}.Debug|Any CPU.Build.0 = Debug|Any CPU
		{440D5BA0-91FC-4F77-BF60-FCBBD333426A}.Release|Any CPU.ActiveCfg = Release|Any CPU
		{440D5BA0-91FC-4F77-BF60-FCBBD333426A}.Release|Any CPU.Build.0 = Release|Any CPU
		{301519D1-851C-4ED1-951E-5EBEEA859C55}.Debug|Any CPU.ActiveCfg = Debug|Any CPU
		{301519D1-851C-4ED1-951E-5EBEEA859C55}.Debug|Any CPU.Build.0 = Debug|Any CPU
		{301519D1-851C-4ED1-951E-5EBEEA859C55}.Release|Any CPU.ActiveCfg = Release|Any CPU
		{301519D1-851C-4ED1-951E-5EBEEA859C55}.Release|Any CPU.Build.0 = Release|Any CPU
		{3BB549A6-7963-42DC-9F49-28E8EE1EC223}.Debug|Any CPU.ActiveCfg = Debug|Any CPU
		{3BB549A6-7963-42DC-9F49-28E8EE1EC223}.Debug|Any CPU.Build.0 = Debug|Any CPU
		{3BB549A6-7963-42DC-9F49-28E8EE1EC223}.Release|Any CPU.ActiveCfg = Release|Any CPU
		{3BB549A6-7963-42DC-9F49-28E8EE1EC223}.Release|Any CPU.Build.0 = Release|Any CPU
		{128802A2-872A-4ABA-AC59-6A03C2F537F0}.Debug|Any CPU.ActiveCfg = Debug|Any CPU
		{128802A2-872A-4ABA-AC59-6A03C2F537F0}.Debug|Any CPU.Build.0 = Debug|Any CPU
		{128802A2-872A-4ABA-AC59-6A03C2F537F0}.Release|Any CPU.ActiveCfg = Release|Any CPU
		{128802A2-872A-4ABA-AC59-6A03C2F537F0}.Release|Any CPU.Build.0 = Release|Any CPU
		{60C52111-C237-4BE4-92E1-00CFB8846627}.Debug|Any CPU.ActiveCfg = Debug|Any CPU
		{60C52111-C237-4BE4-92E1-00CFB8846627}.Debug|Any CPU.Build.0 = Debug|Any CPU
		{60C52111-C237-4BE4-92E1-00CFB8846627}.Release|Any CPU.ActiveCfg = Release|Any CPU
		{60C52111-C237-4BE4-92E1-00CFB8846627}.Release|Any CPU.Build.0 = Release|Any CPU
		{620733C2-9929-4DF0-934F-79AF471EE8C9}.Debug|Any CPU.ActiveCfg = Debug|Any CPU
		{620733C2-9929-4DF0-934F-79AF471EE8C9}.Debug|Any CPU.Build.0 = Debug|Any CPU
		{620733C2-9929-4DF0-934F-79AF471EE8C9}.Release|Any CPU.ActiveCfg = Release|Any CPU
		{620733C2-9929-4DF0-934F-79AF471EE8C9}.Release|Any CPU.Build.0 = Release|Any CPU
		{EA87044E-9D27-4877-B9B6-3F9AF8B56D65}.Debug|Any CPU.ActiveCfg = Debug|Any CPU
		{EA87044E-9D27-4877-B9B6-3F9AF8B56D65}.Debug|Any CPU.Build.0 = Debug|Any CPU
		{EA87044E-9D27-4877-B9B6-3F9AF8B56D65}.Release|Any CPU.ActiveCfg = Release|Any CPU
		{EA87044E-9D27-4877-B9B6-3F9AF8B56D65}.Release|Any CPU.Build.0 = Release|Any CPU
		{A298B03D-C635-4C60-B54F-8EF292811830}.Debug|Any CPU.ActiveCfg = Debug|Any CPU
		{A298B03D-C635-4C60-B54F-8EF292811830}.Debug|Any CPU.Build.0 = Debug|Any CPU
		{A298B03D-C635-4C60-B54F-8EF292811830}.Release|Any CPU.ActiveCfg = Release|Any CPU
		{A298B03D-C635-4C60-B54F-8EF292811830}.Release|Any CPU.Build.0 = Release|Any CPU
		{AF98E3E8-4F93-4F1F-9E02-AC7E6A1E8568}.Debug|Any CPU.ActiveCfg = Debug|Any CPU
		{AF98E3E8-4F93-4F1F-9E02-AC7E6A1E8568}.Debug|Any CPU.Build.0 = Debug|Any CPU
		{AF98E3E8-4F93-4F1F-9E02-AC7E6A1E8568}.Release|Any CPU.ActiveCfg = Release|Any CPU
		{AF98E3E8-4F93-4F1F-9E02-AC7E6A1E8568}.Release|Any CPU.Build.0 = Release|Any CPU
		{E0CD5430-F9B2-41FF-97B7-482DE3AAB0A5}.Debug|Any CPU.ActiveCfg = Debug|Any CPU
		{E0CD5430-F9B2-41FF-97B7-482DE3AAB0A5}.Debug|Any CPU.Build.0 = Debug|Any CPU
		{E0CD5430-F9B2-41FF-97B7-482DE3AAB0A5}.Release|Any CPU.ActiveCfg = Release|Any CPU
		{E0CD5430-F9B2-41FF-97B7-482DE3AAB0A5}.Release|Any CPU.Build.0 = Release|Any CPU
	EndGlobalSection
	GlobalSection(SolutionProperties) = preSolution
		HideSolutionNode = FALSE
	EndGlobalSection
	GlobalSection(NestedProjects) = preSolution
		{3BB549A6-7963-42DC-9F49-28E8EE1EC223} = {DB912F4B-77A2-4FBC-A9F2-D995621B5A6B}
		{128802A2-872A-4ABA-AC59-6A03C2F537F0} = {DB912F4B-77A2-4FBC-A9F2-D995621B5A6B}
		{60C52111-C237-4BE4-92E1-00CFB8846627} = {DB912F4B-77A2-4FBC-A9F2-D995621B5A6B}
		{620733C2-9929-4DF0-934F-79AF471EE8C9} = {DB912F4B-77A2-4FBC-A9F2-D995621B5A6B}
		{EA87044E-9D27-4877-B9B6-3F9AF8B56D65} = {DB912F4B-77A2-4FBC-A9F2-D995621B5A6B}
		{A298B03D-C635-4C60-B54F-8EF292811830} = {19F9F237-B9AA-4F89-93F8-D7E6048089A2}
		{AF98E3E8-4F93-4F1F-9E02-AC7E6A1E8568} = {19F9F237-B9AA-4F89-93F8-D7E6048089A2}
		{E0CD5430-F9B2-41FF-97B7-482DE3AAB0A5} = {19F9F237-B9AA-4F89-93F8-D7E6048089A2}
	EndGlobalSection
	GlobalSection(ExtensibilityGlobals) = postSolution
		SolutionGuid = {002DBF11-0B85-410C-8BF3-667CAF6FF1BC}
	EndGlobalSection
EndGlobal
